
Microsoft Visual Studio Solution File, Format Version 12.00
# Visual Studio Version 17
VisualStudioVersion = 17.6.33815.320
MinimumVisualStudioVersion = 10.0.40219.1
Project("{FAE04EC0-301F-11D3-BF4B-00C04F79EFBC}") = "6T25_LoukaConstant_ACT3", "6T25_LoukaConstant_ACT3.csproj", "{BE59C840-D92F-487F-9850-6B196A0BB651}"
EndProject
Global
	GlobalSection(SolutionConfigurationPlatforms) = preSolution
		Debug|Any CPU = Debug|Any CPU
		Release|Any CPU = Release|Any CPU
	EndGlobalSection
	GlobalSection(ProjectConfigurationPlatforms) = postSolution
		{BE59C840-D92F-487F-9850-6B196A0BB651}.Debug|Any CPU.ActiveCfg = Debug|Any CPU
		{BE59C840-D92F-487F-9850-6B196A0BB651}.Debug|Any CPU.Build.0 = Debug|Any CPU
		{BE59C840-D92F-487F-9850-6B196A0BB651}.Release|Any CPU.ActiveCfg = Release|Any CPU
		{BE59C840-D92F-487F-9850-6B196A0BB651}.Release|Any CPU.Build.0 = Release|Any CPU
	EndGlobalSection
	GlobalSection(SolutionProperties) = preSolution
		HideSolutionNode = FALSE
	EndGlobalSection
	GlobalSection(ExtensibilityGlobals) = postSolution
		SolutionGuid = {0CB0540D-E59E-4D5B-8514-5BC1314EBC2F}
	EndGlobalSection
EndGlobal
